
Microsoft Visual Studio Solution File, Format Version 12.00
# Visual Studio 15
VisualStudioVersion = 15.0.27130.2020
MinimumVisualStudioVersion = 10.0.40219.1
Project("{FAE04EC0-301F-11D3-BF4B-00C04F79EFBC}") = "csharp_design_patterns", "csharp_design_patterns\csharp_design_patterns.csproj", "{211FC5C2-47F7-4713-A001-D319450F0956}"
EndProject
Global
	GlobalSection(SolutionConfigurationPlatforms) = preSolution
		Debug|Any CPU = Debug|Any CPU
		Release|Any CPU = Release|Any CPU
	EndGlobalSection
	GlobalSection(ProjectConfigurationPlatforms) = postSolution
		{211FC5C2-47F7-4713-A001-D319450F0956}.Debug|Any CPU.ActiveCfg = Debug|Any CPU
		{211FC5C2-47F7-4713-A001-D319450F0956}.Debug|Any CPU.Build.0 = Debug|Any CPU
		{211FC5C2-47F7-4713-A001-D319450F0956}.Release|Any CPU.ActiveCfg = Release|Any CPU
		{211FC5C2-47F7-4713-A001-D319450F0956}.Release|Any CPU.Build.0 = Release|Any CPU
	EndGlobalSection
	GlobalSection(SolutionProperties) = preSolution
		HideSolutionNode = FALSE
	EndGlobalSection
	GlobalSection(ExtensibilityGlobals) = postSolution
		SolutionGuid = {462DE786-902C-4B5A-8E1A-54A0C196868A}
	EndGlobalSection
EndGlobal
